
Microsoft Visual Studio Solution File, Format Version 12.00
# Visual Studio Version 17
VisualStudioVersion = 17.7.34031.279
MinimumVisualStudioVersion = 10.0.40219.1
Project("{9A19103F-16F7-4668-BE54-9A1E7A4F7556}") = "BlogWebSite.DataAccess", "DataAccess\BlogWebSite.DataAccess.csproj", "{2A2D4CC0-7C49-4693-8245-69659A93AA7E}"
EndProject
Project("{9A19103F-16F7-4668-BE54-9A1E7A4F7556}") = "BlogWebSite-BussinessLayer", "BlogWebSite-BussinessLayer\BlogWebSite-BussinessLayer.csproj", "{5BC8CC2F-89D5-46FA-B0CE-EBE9B8A43564}"
EndProject
Project("{9A19103F-16F7-4668-BE54-9A1E7A4F7556}") = "BlogWebSite-Entity", "BlogWebSite-Entity\BlogWebSite-Entity.csproj", "{C4FBA9AF-5D32-4165-9F6A-272E3D897CD2}"
EndProject
Project("{9A19103F-16F7-4668-BE54-9A1E7A4F7556}") = "BlogWebSitee", "BlogWebSitee\BlogWebSitee.csproj", "{F8287F57-6C1D-428E-8714-A91BA7F1EB34}"
EndProject
Global
	GlobalSection(SolutionConfigurationPlatforms) = preSolution
		Debug|Any CPU = Debug|Any CPU
		Release|Any CPU = Release|Any CPU
	EndGlobalSection
	GlobalSection(ProjectConfigurationPlatforms) = postSolution
		{2A2D4CC0-7C49-4693-8245-69659A93AA7E}.Debug|Any CPU.ActiveCfg = Debug|Any CPU
		{2A2D4CC0-7C49-4693-8245-69659A93AA7E}.Debug|Any CPU.Build.0 = Debug|Any CPU
		{2A2D4CC0-7C49-4693-8245-69659A93AA7E}.Release|Any CPU.ActiveCfg = Release|Any CPU
		{2A2D4CC0-7C49-4693-8245-69659A93AA7E}.Release|Any CPU.Build.0 = Release|Any CPU
		{5BC8CC2F-89D5-46FA-B0CE-EBE9B8A43564}.Debug|Any CPU.ActiveCfg = Debug|Any CPU
		{5BC8CC2F-89D5-46FA-B0CE-EBE9B8A43564}.Debug|Any CPU.Build.0 = Debug|Any CPU
		{5BC8CC2F-89D5-46FA-B0CE-EBE9B8A43564}.Release|Any CPU.ActiveCfg = Release|Any CPU
		{5BC8CC2F-89D5-46FA-B0CE-EBE9B8A43564}.Release|Any CPU.Build.0 = Release|Any CPU
		{C4FBA9AF-5D32-4165-9F6A-272E3D897CD2}.Debug|Any CPU.ActiveCfg = Debug|Any CPU
		{C4FBA9AF-5D32-4165-9F6A-272E3D897CD2}.Debug|Any CPU.Build.0 = Debug|Any CPU
		{C4FBA9AF-5D32-4165-9F6A-272E3D897CD2}.Release|Any CPU.ActiveCfg = Release|Any CPU
		{C4FBA9AF-5D32-4165-9F6A-272E3D897CD2}.Release|Any CPU.Build.0 = Release|Any CPU
		{F8287F57-6C1D-428E-8714-A91BA7F1EB34}.Debug|Any CPU.ActiveCfg = Debug|Any CPU
		{F8287F57-6C1D-428E-8714-A91BA7F1EB34}.Debug|Any CPU.Build.0 = Debug|Any CPU
		{F8287F57-6C1D-428E-8714-A91BA7F1EB34}.Release|Any CPU.ActiveCfg = Release|Any CPU
		{F8287F57-6C1D-428E-8714-A91BA7F1EB34}.Release|Any CPU.Build.0 = Release|Any CPU
	EndGlobalSection
	GlobalSection(SolutionProperties) = preSolution
		HideSolutionNode = FALSE
	EndGlobalSection
	GlobalSection(ExtensibilityGlobals) = postSolution
		SolutionGuid = {5B28AF3D-0229-48DC-8A6F-240EC1C8D601}
	EndGlobalSection
EndGlobal
